
Microsoft Visual Studio Solution File, Format Version 12.00
# Visual Studio 14
VisualStudioVersion = 14.0.25420.1
MinimumVisualStudioVersion = 10.0.40219.1
Project("{FAE04EC0-301F-11D3-BF4B-00C04F79EFBC}") = "CohesionAndCoupling", "CohesionAndCoupling\CohesionAndCoupling.csproj", "{D8F5C6D5-FBC9-4147-9448-9B49482C99DA}"
EndProject
Project("{FAE04EC0-301F-11D3-BF4B-00C04F79EFBC}") = "Abstraction", "Abstraction\Abstraction.csproj", "{6FEBE272-BF3D-4521-8ECD-9498BEDC5BD9}"
EndProject
Project("{FAE04EC0-301F-11D3-BF4B-00C04F79EFBC}") = "InheritanceAndPolymorphism", "InheritanceAndPolymorphism\InheritanceAndPolymorphism.csproj", "{5E6A0640-F321-453F-99E5-B4A984C8AEA3}"
EndProject
Global
	GlobalSection(SolutionConfigurationPlatforms) = preSolution
		Debug|Any CPU = Debug|Any CPU
		Release|Any CPU = Release|Any CPU
	EndGlobalSection
	GlobalSection(ProjectConfigurationPlatforms) = postSolution
		{D8F5C6D5-FBC9-4147-9448-9B49482C99DA}.Debug|Any CPU.ActiveCfg = Debug|Any CPU
		{D8F5C6D5-FBC9-4147-9448-9B49482C99DA}.Debug|Any CPU.Build.0 = Debug|Any CPU
		{D8F5C6D5-FBC9-4147-9448-9B49482C99DA}.Release|Any CPU.ActiveCfg = Release|Any CPU
		{D8F5C6D5-FBC9-4147-9448-9B49482C99DA}.Release|Any CPU.Build.0 = Release|Any CPU
		{6FEBE272-BF3D-4521-8ECD-9498BEDC5BD9}.Debug|Any CPU.ActiveCfg = Debug|Any CPU
		{6FEBE272-BF3D-4521-8ECD-9498BEDC5BD9}.Debug|Any CPU.Build.0 = Debug|Any CPU
		{6FEBE272-BF3D-4521-8ECD-9498BEDC5BD9}.Release|Any CPU.ActiveCfg = Release|Any CPU
		{6FEBE272-BF3D-4521-8ECD-9498BEDC5BD9}.Release|Any CPU.Build.0 = Release|Any CPU
		{5E6A0640-F321-453F-99E5-B4A984C8AEA3}.Debug|Any CPU.ActiveCfg = Debug|Any CPU
		{5E6A0640-F321-453F-99E5-B4A984C8AEA3}.Debug|Any CPU.Build.0 = Debug|Any CPU
		{5E6A0640-F321-453F-99E5-B4A984C8AEA3}.Release|Any CPU.ActiveCfg = Release|Any CPU
		{5E6A0640-F321-453F-99E5-B4A984C8AEA3}.Release|Any CPU.Build.0 = Release|Any CPU
	EndGlobalSection
	GlobalSection(SolutionProperties) = preSolution
		HideSolutionNode = FALSE
	EndGlobalSection
EndGlobal
